// !$*UTF8*$!
{
	archiveVersion = 1;
	classes = {
	};
	objectVersion = 50;
	objects = {

/* Begin PBXBuildFile section */
		41244DE4720C178D21E69C04 /* Pods_The_SpineApp.framework in Frameworks */ = {isa = PBXBuildFile; fileRef = B8F715CCB9C46A83EC71DD93 /* Pods_The_SpineApp.framework */; };
		4147C75D21FC9E6800E92B14 /* LocalServer.swift in Sources */ = {isa = PBXBuildFile; fileRef = 4147C75C21FC9E6800E92B14 /* LocalServer.swift */; };
		417E511221FC7C2E00AF9145 /* ThirdViewController.swift in Sources */ = {isa = PBXBuildFile; fileRef = 417E511121FC7C2E00AF9145 /* ThirdViewController.swift */; };
		41BE648821FC6E7C00E35EC0 /* AppDelegate.swift in Sources */ = {isa = PBXBuildFile; fileRef = 41BE648721FC6E7C00E35EC0 /* AppDelegate.swift */; };
		41BE648A21FC6E7C00E35EC0 /* MainViewController.swift in Sources */ = {isa = PBXBuildFile; fileRef = 41BE648921FC6E7C00E35EC0 /* MainViewController.swift */; };
		41BE648D21FC6E7C00E35EC0 /* Main.storyboard in Resources */ = {isa = PBXBuildFile; fileRef = 41BE648B21FC6E7C00E35EC0 /* Main.storyboard */; };
		41BE648F21FC6E7F00E35EC0 /* Assets.xcassets in Resources */ = {isa = PBXBuildFile; fileRef = 41BE648E21FC6E7F00E35EC0 /* Assets.xcassets */; };
		41BE649221FC6E7F00E35EC0 /* LaunchScreen.storyboard in Resources */ = {isa = PBXBuildFile; fileRef = 41BE649021FC6E7F00E35EC0 /* LaunchScreen.storyboard */; };
		41BE649A21FC6FC900E35EC0 /* SecondViewController.swift in Sources */ = {isa = PBXBuildFile; fileRef = 41BE649921FC6FC900E35EC0 /* SecondViewController.swift */; };
		41BE64A021FC764500E35EC0 /* backgroundImage.jpg in Resources */ = {isa = PBXBuildFile; fileRef = 41BE649E21FC764500E35EC0 /* backgroundImage.jpg */; };
		41BE64A121FC764500E35EC0 /* errorSplash.jpg in Resources */ = {isa = PBXBuildFile; fileRef = 41BE649F21FC764500E35EC0 /* errorSplash.jpg */; };
		41BE64A321FC76FE00E35EC0 /* NetworkManager.swift in Sources */ = {isa = PBXBuildFile; fileRef = 41BE64A221FC76FE00E35EC0 /* NetworkManager.swift */; };
/* End PBXBuildFile section */

/* Begin PBXFileReference section */
		179DD4DAC62C89E530AB80FF /* Pods-The SpineApp.debug.xcconfig */ = {isa = PBXFileReference; includeInIndex = 1; lastKnownFileType = text.xcconfig; name = "Pods-The SpineApp.debug.xcconfig"; path = "Pods/Target Support Files/Pods-The SpineApp/Pods-The SpineApp.debug.xcconfig"; sourceTree = "<group>"; };
		24C40FAF3685DC35D20D012F /* Pods-The SpineApp.release.xcconfig */ = {isa = PBXFileReference; includeInIndex = 1; lastKnownFileType = text.xcconfig; name = "Pods-The SpineApp.release.xcconfig"; path = "Pods/Target Support Files/Pods-The SpineApp/Pods-The SpineApp.release.xcconfig"; sourceTree = "<group>"; };
		4147C75C21FC9E6800E92B14 /* LocalServer.swift */ = {isa = PBXFileReference; fileEncoding = 4; lastKnownFileType = sourcecode.swift; path = LocalServer.swift; sourceTree = "<group>"; };
		417E511121FC7C2E00AF9145 /* ThirdViewController.swift */ = {isa = PBXFileReference; lastKnownFileType = sourcecode.swift; path = ThirdViewController.swift; sourceTree = "<group>"; };
		41BE648421FC6E7C00E35EC0 /* The SpineApple.app */ = {isa = PBXFileReference; explicitFileType = wrapper.application; includeInIndex = 0; path = "The SpineApple.app"; sourceTree = BUILT_PRODUCTS_DIR; };
		41BE648721FC6E7C00E35EC0 /* AppDelegate.swift */ = {isa = PBXFileReference; lastKnownFileType = sourcecode.swift; path = AppDelegate.swift; sourceTree = "<group>"; };
		41BE648921FC6E7C00E35EC0 /* MainViewController.swift */ = {isa = PBXFileReference; lastKnownFileType = sourcecode.swift; path = MainViewController.swift; sourceTree = "<group>"; };
		41BE648C21FC6E7C00E35EC0 /* Base */ = {isa = PBXFileReference; lastKnownFileType = file.storyboard; name = Base; path = Base.lproj/Main.storyboard; sourceTree = "<group>"; };
		41BE648E21FC6E7F00E35EC0 /* Assets.xcassets */ = {isa = PBXFileReference; lastKnownFileType = folder.assetcatalog; path = Assets.xcassets; sourceTree = "<group>"; };
		41BE649121FC6E7F00E35EC0 /* Base */ = {isa = PBXFileReference; lastKnownFileType = file.storyboard; name = Base; path = Base.lproj/LaunchScreen.storyboard; sourceTree = "<group>"; };
		41BE649321FC6E7F00E35EC0 /* Info.plist */ = {isa = PBXFileReference; lastKnownFileType = text.plist.xml; path = Info.plist; sourceTree = "<group>"; };
		41BE649921FC6FC900E35EC0 /* SecondViewController.swift */ = {isa = PBXFileReference; lastKnownFileType = sourcecode.swift; path = SecondViewController.swift; sourceTree = "<group>"; };
		41BE649E21FC764500E35EC0 /* backgroundImage.jpg */ = {isa = PBXFileReference; lastKnownFileType = image.jpeg; path = backgroundImage.jpg; sourceTree = "<group>"; };
		41BE649F21FC764500E35EC0 /* errorSplash.jpg */ = {isa = PBXFileReference; lastKnownFileType = image.jpeg; path = errorSplash.jpg; sourceTree = "<group>"; };
		41BE64A221FC76FE00E35EC0 /* NetworkManager.swift */ = {isa = PBXFileReference; fileEncoding = 4; lastKnownFileType = sourcecode.swift; path = NetworkManager.swift; sourceTree = "<group>"; };
		B8F715CCB9C46A83EC71DD93 /* Pods_The_SpineApp.framework */ = {isa = PBXFileReference; explicitFileType = wrapper.framework; includeInIndex = 0; path = Pods_The_SpineApp.framework; sourceTree = BUILT_PRODUCTS_DIR; };
/* End PBXFileReference section */

/* Begin PBXFrameworksBuildPhase section */
		41BE648121FC6E7C00E35EC0 /* Frameworks */ = {
			isa = PBXFrameworksBuildPhase;
			buildActionMask = 2147483647;
			files = (
				41244DE4720C178D21E69C04 /* Pods_The_SpineApp.framework in Frameworks */,
			);
			runOnlyForDeploymentPostprocessing = 0;
		};
/* End PBXFrameworksBuildPhase section */

/* Begin PBXGroup section */
		41BE647B21FC6E7C00E35EC0 = {
			isa = PBXGroup;
			children = (
				41BE648621FC6E7C00E35EC0 /* The SpineApple */,
				41BE648521FC6E7C00E35EC0 /* Products */,
				5AD2B84A7863B951E50E2797 /* Pods */,
				9F12CDA6BA4F4F2CDDA54449 /* Frameworks */,
			);
			sourceTree = "<group>";
		};
		41BE648521FC6E7C00E35EC0 /* Products */ = {
			isa = PBXGroup;
			children = (
				41BE648421FC6E7C00E35EC0 /* The SpineApple.app */,
			);
			name = Products;
			sourceTree = "<group>";
		};
		41BE648621FC6E7C00E35EC0 /* The SpineApple */ = {
			isa = PBXGroup;
			children = (
				41BE648721FC6E7C00E35EC0 /* AppDelegate.swift */,
				41BE648921FC6E7C00E35EC0 /* MainViewController.swift */,
				41BE649921FC6FC900E35EC0 /* SecondViewController.swift */,
				417E511121FC7C2E00AF9145 /* ThirdViewController.swift */,
				41BE64A221FC76FE00E35EC0 /* NetworkManager.swift */,
				4147C75C21FC9E6800E92B14 /* LocalServer.swift */,
				41BE648B21FC6E7C00E35EC0 /* Main.storyboard */,
				41BE648E21FC6E7F00E35EC0 /* Assets.xcassets */,
				41BE649021FC6E7F00E35EC0 /* LaunchScreen.storyboard */,
				41BE649321FC6E7F00E35EC0 /* Info.plist */,
				41BE649D21FC761E00E35EC0 /* Resources */,
			);
			path = "The SpineApple";
			sourceTree = "<group>";
		};
		41BE649D21FC761E00E35EC0 /* Resources */ = {
			isa = PBXGroup;
			children = (
				41BE649E21FC764500E35EC0 /* backgroundImage.jpg */,
				41BE649F21FC764500E35EC0 /* errorSplash.jpg */,
			);
			path = Resources;
			sourceTree = "<group>";
		};
		5AD2B84A7863B951E50E2797 /* Pods */ = {
			isa = PBXGroup;
			children = (
				179DD4DAC62C89E530AB80FF /* Pods-The SpineApp.debug.xcconfig */,
				24C40FAF3685DC35D20D012F /* Pods-The SpineApp.release.xcconfig */,
			);
			name = Pods;
			sourceTree = "<group>";
		};
		9F12CDA6BA4F4F2CDDA54449 /* Frameworks */ = {
			isa = PBXGroup;
			children = (
				B8F715CCB9C46A83EC71DD93 /* Pods_The_SpineApp.framework */,
			);
			name = Frameworks;
			sourceTree = "<group>";
		};
/* End PBXGroup section */

/* Begin PBXNativeTarget section */
		41BE648321FC6E7C00E35EC0 /* The SpineApple */ = {
			isa = PBXNativeTarget;
			buildConfigurationList = 41BE649621FC6E7F00E35EC0 /* Build configuration list for PBXNativeTarget "The SpineApple" */;
			buildPhases = (
				D729B0F6E44FD0A5CADA3BB8 /* [CP] Check Pods Manifest.lock */,
				41BE648021FC6E7C00E35EC0 /* Sources */,
				41BE648121FC6E7C00E35EC0 /* Frameworks */,
				41BE648221FC6E7C00E35EC0 /* Resources */,
				165339437D36E76172D86F9D /* [CP] Embed Pods Frameworks */,
			);
			buildRules = (
			);
			dependencies = (
			);
			name = "The SpineApple";
			productName = "The SpineApp";
			productReference = 41BE648421FC6E7C00E35EC0 /* The SpineApple.app */;
			productType = "com.apple.product-type.application";
		};
/* End PBXNativeTarget section */

/* Begin PBXProject section */
		41BE647C21FC6E7C00E35EC0 /* Project object */ = {
			isa = PBXProject;
			attributes = {
				LastSwiftUpdateCheck = 0930;
				LastUpgradeCheck = 0930;
				ORGANIZATIONNAME = THESPINEAPPLE;
				TargetAttributes = {
					41BE648321FC6E7C00E35EC0 = {
						CreatedOnToolsVersion = 9.3;
					};
				};
			};
			buildConfigurationList = 41BE647F21FC6E7C00E35EC0 /* Build configuration list for PBXProject "The SpineApple" */;
			compatibilityVersion = "Xcode 9.3";
			developmentRegion = en;
			hasScannedForEncodings = 0;
			knownRegions = (
				en,
				Base,
			);
			mainGroup = 41BE647B21FC6E7C00E35EC0;
			productRefGroup = 41BE648521FC6E7C00E35EC0 /* Products */;
			projectDirPath = "";
			projectRoot = "";
			targets = (
				41BE648321FC6E7C00E35EC0 /* The SpineApple */,
			);
		};
/* End PBXProject section */

/* Begin PBXResourcesBuildPhase section */
		41BE648221FC6E7C00E35EC0 /* Resources */ = {
			isa = PBXResourcesBuildPhase;
			buildActionMask = 2147483647;
			files = (
				41BE649221FC6E7F00E35EC0 /* LaunchScreen.storyboard in Resources */,
				41BE64A121FC764500E35EC0 /* errorSplash.jpg in Resources */,
				41BE64A021FC764500E35EC0 /* backgroundImage.jpg in Resources */,
				41BE648F21FC6E7F00E35EC0 /* Assets.xcassets in Resources */,
				41BE648D21FC6E7C00E35EC0 /* Main.storyboard in Resources */,
			);
			runOnlyForDeploymentPostprocessing = 0;
		};
/* End PBXResourcesBuildPhase section */

/* Begin PBXShellScriptBuildPhase section */
		165339437D36E76172D86F9D /* [CP] Embed Pods Frameworks */ = {
			isa = PBXShellScriptBuildPhase;
			buildActionMask = 2147483647;
			files = (
			);
			inputPaths = (
				"${SRCROOT}/Pods/Target Support Files/Pods-The SpineApp/Pods-The SpineApp-frameworks.sh",
				"${BUILT_PRODUCTS_DIR}/Alamofire/Alamofire.framework",
				"${BUILT_PRODUCTS_DIR}/ReachabilitySwift/Reachability.framework",
				"${BUILT_PRODUCTS_DIR}/Swifter/Swifter.framework",
				"${BUILT_PRODUCTS_DIR}/Zip/Zip.framework",
			);
			name = "[CP] Embed Pods Frameworks";
			outputPaths = (
				"${TARGET_BUILD_DIR}/${FRAMEWORKS_FOLDER_PATH}/Alamofire.framework",
				"${TARGET_BUILD_DIR}/${FRAMEWORKS_FOLDER_PATH}/Reachability.framework",
				"${TARGET_BUILD_DIR}/${FRAMEWORKS_FOLDER_PATH}/Swifter.framework",
				"${TARGET_BUILD_DIR}/${FRAMEWORKS_FOLDER_PATH}/Zip.framework",
			);
			runOnlyForDeploymentPostprocessing = 0;
			shellPath = /bin/sh;
			shellScript = "\"${SRCROOT}/Pods/Target Support Files/Pods-The SpineApp/Pods-The SpineApp-frameworks.sh\"\n";
			showEnvVarsInLog = 0;
		};
		D729B0F6E44FD0A5CADA3BB8 /* [CP] Check Pods Manifest.lock */ = {
			isa = PBXShellScriptBuildPhase;
			buildActionMask = 2147483647;
			files = (
			);
			inputPaths = (
				"${PODS_PODFILE_DIR_PATH}/Podfile.lock",
				"${PODS_ROOT}/Manifest.lock",
			);
			name = "[CP] Check Pods Manifest.lock";
			outputPaths = (
				"$(DERIVED_FILE_DIR)/Pods-The SpineApp-checkManifestLockResult.txt",
			);
			runOnlyForDeploymentPostprocessing = 0;
			shellPath = /bin/sh;
			shellScript = "diff \"${PODS_PODFILE_DIR_PATH}/Podfile.lock\" \"${PODS_ROOT}/Manifest.lock\" > /dev/null\nif [ $? != 0 ] ; then\n    # print error to STDERR\n    echo \"error: The sandbox is not in sync with the Podfile.lock. Run 'pod install' or update your CocoaPods installation.\" >&2\n    exit 1\nfi\n# This output is used by Xcode 'outputs' to avoid re-running this script phase.\necho \"SUCCESS\" > \"${SCRIPT_OUTPUT_FILE_0}\"\n";
			showEnvVarsInLog = 0;
		};
/* End PBXShellScriptBuildPhase section */

/* Begin PBXSourcesBuildPhase section */
		41BE648021FC6E7C00E35EC0 /* Sources */ = {
			isa = PBXSourcesBuildPhase;
			buildActionMask = 2147483647;
			files = (
				41BE649A21FC6FC900E35EC0 /* SecondViewController.swift in Sources */,
				4147C75D21FC9E6800E92B14 /* LocalServer.swift in Sources */,
				41BE648A21FC6E7C00E35EC0 /* MainViewController.swift in Sources */,
				417E511221FC7C2E00AF9145 /* ThirdViewController.swift in Sources */,
				41BE64A321FC76FE00E35EC0 /* NetworkManager.swift in Sources */,
				41BE648821FC6E7C00E35EC0 /* AppDelegate.swift in Sources */,
			);
			runOnlyForDeploymentPostprocessing = 0;
		};
/* End PBXSourcesBuildPhase section */

/* Begin PBXVariantGroup section */
		41BE648B21FC6E7C00E35EC0 /* Main.storyboard */ = {
			isa = PBXVariantGroup;
			children = (
				41BE648C21FC6E7C00E35EC0 /* Base */,
			);
			name = Main.storyboard;
			sourceTree = "<group>";
		};
		41BE649021FC6E7F00E35EC0 /* LaunchScreen.storyboard */ = {
			isa = PBXVariantGroup;
			children = (
				41BE649121FC6E7F00E35EC0 /* Base */,
			);
			name = LaunchScreen.storyboard;
			sourceTree = "<group>";
		};
/* End PBXVariantGroup section */

/* Begin XCBuildConfiguration section */
		41BE649421FC6E7F00E35EC0 /* Debug */ = {
			isa = XCBuildConfiguration;
			buildSettings = {
				ALWAYS_SEARCH_USER_PATHS = NO;
				CLANG_ANALYZER_NONNULL = YES;
				CLANG_ANALYZER_NUMBER_OBJECT_CONVERSION = YES_AGGRESSIVE;
				CLANG_CXX_LANGUAGE_STANDARD = "gnu++14";
				CLANG_CXX_LIBRARY = "libc++";
				CLANG_ENABLE_MODULES = YES;
				CLANG_ENABLE_OBJC_ARC = YES;
				CLANG_ENABLE_OBJC_WEAK = YES;
				CLANG_WARN_BLOCK_CAPTURE_AUTORELEASING = YES;
				CLANG_WARN_BOOL_CONVERSION = YES;
				CLANG_WARN_COMMA = YES;
				CLANG_WARN_CONSTANT_CONVERSION = YES;
				CLANG_WARN_DEPRECATED_OBJC_IMPLEMENTATIONS = YES;
				CLANG_WARN_DIRECT_OBJC_ISA_USAGE = YES_ERROR;
				CLANG_WARN_DOCUMENTATION_COMMENTS = YES;
				CLANG_WARN_EMPTY_BODY = YES;
				CLANG_WARN_ENUM_CONVERSION = YES;
				CLANG_WARN_INFINITE_RECURSION = YES;
				CLANG_WARN_INT_CONVERSION = YES;
				CLANG_WARN_NON_LITERAL_NULL_CONVERSION = YES;
				CLANG_WARN_OBJC_IMPLICIT_RETAIN_SELF = YES;
				CLANG_WARN_OBJC_LITERAL_CONVERSION = YES;
				CLANG_WARN_OBJC_ROOT_CLASS = YES_ERROR;
				CLANG_WARN_RANGE_LOOP_ANALYSIS = YES;
				CLANG_WARN_STRICT_PROTOTYPES = YES;
				CLANG_WARN_SUSPICIOUS_MOVE = YES;
				CLANG_WARN_UNGUARDED_AVAILABILITY = YES_AGGRESSIVE;
				CLANG_WARN_UNREACHABLE_CODE = YES;
				CLANG_WARN__DUPLICATE_METHOD_MATCH = YES;
				CODE_SIGN_IDENTITY = "iPhone Developer";
				COPY_PHASE_STRIP = NO;
				DEBUG_INFORMATION_FORMAT = dwarf;
				ENABLE_STRICT_OBJC_MSGSEND = YES;
				ENABLE_TESTABILITY = YES;
				GCC_C_LANGUAGE_STANDARD = gnu11;
				GCC_DYNAMIC_NO_PIC = NO;
				GCC_NO_COMMON_BLOCKS = YES;
				GCC_OPTIMIZATION_LEVEL = 0;
				GCC_PREPROCESSOR_DEFINITIONS = (
					"DEBUG=1",
					"$(inherited)",
				);
				GCC_WARN_64_TO_32_BIT_CONVERSION = YES;
				GCC_WARN_ABOUT_RETURN_TYPE = YES_ERROR;
				GCC_WARN_UNDECLARED_SELECTOR = YES;
				GCC_WARN_UNINITIALIZED_AUTOS = YES_AGGRESSIVE;
				GCC_WARN_UNUSED_FUNCTION = YES;
				GCC_WARN_UNUSED_VARIABLE = YES;
				IPHONEOS_DEPLOYMENT_TARGET = 11.3;
				MTL_ENABLE_DEBUG_INFO = YES;
				ONLY_ACTIVE_ARCH = YES;
				SDKROOT = iphoneos;
				SWIFT_ACTIVE_COMPILATION_CONDITIONS = DEBUG;
				SWIFT_OPTIMIZATION_LEVEL = "-Onone";
			};
			name = Debug;
		};
		41BE649521FC6E7F00E35EC0 /* Release */ = {
			isa = XCBuildConfiguration;
			buildSettings = {
				ALWAYS_SEARCH_USER_PATHS = NO;
				CLANG_ANALYZER_NONNULL = YES;
				CLANG_ANALYZER_NUMBER_OBJECT_CONVERSION = YES_AGGRESSIVE;
				CLANG_CXX_LANGUAGE_STANDARD = "gnu++14";
				CLANG_CXX_LIBRARY = "libc++";
				CLANG_ENABLE_MODULES = YES;
				CLANG_ENABLE_OBJC_ARC = YES;
				CLANG_ENABLE_OBJC_WEAK = YES;
				CLANG_WARN_BLOCK_CAPTURE_AUTORELEASING = YES;
				CLANG_WARN_BOOL_CONVERSION = YES;
				CLANG_WARN_COMMA = YES;
				CLANG_WARN_CONSTANT_CONVERSION = YES;
				CLANG_WARN_DEPRECATED_OBJC_IMPLEMENTATIONS = YES;
				CLANG_WARN_DIRECT_OBJC_ISA_USAGE = YES_ERROR;
				CLANG_WARN_DOCUMENTATION_COMMENTS = YES;
				CLANG_WARN_EMPTY_BODY = YES;
				CLANG_WARN_ENUM_CONVERSION = YES;
				CLANG_WARN_INFINITE_RECURSION = YES;
				CLANG_WARN_INT_CONVERSION = YES;
				CLANG_WARN_NON_LITERAL_NULL_CONVERSION = YES;
				CLANG_WARN_OBJC_IMPLICIT_RETAIN_SELF = YES;
				CLANG_WARN_OBJC_LITERAL_CONVERSION = YES;
				CLANG_WARN_OBJC_ROOT_CLASS = YES_ERROR;
				CLANG_WARN_RANGE_LOOP_ANALYSIS = YES;
				CLANG_WARN_STRICT_PROTOTYPES = YES;
				CLANG_WARN_SUSPICIOUS_MOVE = YES;
				CLANG_WARN_UNGUARDED_AVAILABILITY = YES_AGGRESSIVE;
				CLANG_WARN_UNREACHABLE_CODE = YES;
				CLANG_WARN__DUPLICATE_METHOD_MATCH = YES;
				CODE_SIGN_IDENTITY = "iPhone Developer";
				COPY_PHASE_STRIP = NO;
				DEBUG_INFORMATION_FORMAT = "dwarf-with-dsym";
				ENABLE_NS_ASSERTIONS = NO;
				ENABLE_STRICT_OBJC_MSGSEND = YES;
				GCC_C_LANGUAGE_STANDARD = gnu11;
				GCC_NO_COMMON_BLOCKS = YES;
				GCC_WARN_64_TO_32_BIT_CONVERSION = YES;
				GCC_WARN_ABOUT_RETURN_TYPE = YES_ERROR;
				GCC_WARN_UNDECLARED_SELECTOR = YES;
				GCC_WARN_UNINITIALIZED_AUTOS = YES_AGGRESSIVE;
				GCC_WARN_UNUSED_FUNCTION = YES;
				GCC_WARN_UNUSED_VARIABLE = YES;
				IPHONEOS_DEPLOYMENT_TARGET = 11.3;
				MTL_ENABLE_DEBUG_INFO = NO;
				SDKROOT = iphoneos;
				SWIFT_COMPILATION_MODE = wholemodule;
				SWIFT_OPTIMIZATION_LEVEL = "-O";
				VALIDATE_PRODUCT = YES;
			};
			name = Release;
		};
		41BE649721FC6E7F00E35EC0 /* Debug */ = {
			isa = XCBuildConfiguration;
			baseConfigurationReference = 179DD4DAC62C89E530AB80FF /* Pods-The SpineApp.debug.xcconfig */;
			buildSettings = {
				ASSETCATALOG_COMPILER_APPICON_NAME = AppIcon;
				CODE_SIGN_STYLE = Automatic;
				DEVELOPMENT_TEAM = 6SS46K296C;
				INFOPLIST_FILE = "The SpineApp/Info.plist";
				IPHONEOS_DEPLOYMENT_TARGET = 11.0;
				LD_RUNPATH_SEARCH_PATHS = (
					"$(inherited)",
					"@executable_path/Frameworks",
				);
				PRODUCT_BUNDLE_IDENTIFIER = "com.THESPINEAPPLE.The-SpineApple";
				PRODUCT_NAME = "$(TARGET_NAME)";
				SWIFT_VERSION = 4.0;
				TARGETED_DEVICE_FAMILY = "1,2";
			};
			name = Debug;
		};
		41BE649821FC6E7F00E35EC0 /* Release */ = {
			isa = XCBuildConfiguration;
			baseConfigurationReference = 24C40FAF3685DC35D20D012F /* Pods-The SpineApp.release.xcconfig */;
			buildSettings = {
				ASSETCATALOG_COMPILER_APPICON_NAME = AppIcon;
				CODE_SIGN_STYLE = Automatic;
				DEVELOPMENT_TEAM = 6SS46K296C;
				INFOPLIST_FILE = "The SpineApp/Info.plist";
				IPHONEOS_DEPLOYMENT_TARGET = 11.0;
				LD_RUNPATH_SEARCH_PATHS = (
					"$(inherited)",
					"@executable_path/Frameworks",
				);
				PRODUCT_BUNDLE_IDENTIFIER = "com.THESPINEAPPLE.The-SpineApple";
				PRODUCT_NAME = "$(TARGET_NAME)";
				SWIFT_VERSION = 4.0;
				TARGETED_DEVICE_FAMILY = "1,2";
			};
			name = Release;
		};
/* End XCBuildConfiguration section */

/* Begin XCConfigurationList section */
		41BE647F21FC6E7C00E35EC0 /* Build configuration list for PBXProject "The SpineApple" */ = {
			isa = XCConfigurationList;
			buildConfigurations = (
				41BE649421FC6E7F00E35EC0 /* Debug */,
				41BE649521FC6E7F00E35EC0 /* Release */,
			);
			defaultConfigurationIsVisible = 0;
			defaultConfigurationName = Release;
		};
		41BE649621FC6E7F00E35EC0 /* Build configuration list for PBXNativeTarget "The SpineApple" */ = {
			isa = XCConfigurationList;
			buildConfigurations = (
				41BE649721FC6E7F00E35EC0 /* Debug */,
				41BE649821FC6E7F00E35EC0 /* Release */,
			);
			defaultConfigurationIsVisible = 0;
			defaultConfigurationName = Release;
		};
/* End XCConfigurationList section */
	};
	rootObject = 41BE647C21FC6E7C00E35EC0 /* Project object */;
}
